
Microsoft Visual Studio Solution File, Format Version 12.00
# Visual Studio Version 16
VisualStudioVersion = 16.0.32228.343
MinimumVisualStudioVersion = 10.0.40219.1
Project("{FAE04EC0-301F-11D3-BF4B-00C04F79EFBC}") = "RentalCar_GUI", "RentalCar_GUI\RentalCar_GUI.csproj", "{F257CC33-5E45-48D5-826B-421CD2201709}"
EndProject
Global
	GlobalSection(SolutionConfigurationPlatforms) = preSolution
		Debug|Any CPU = Debug|Any CPU
		Release|Any CPU = Release|Any CPU
	EndGlobalSection
	GlobalSection(ProjectConfigurationPlatforms) = postSolution
		{F257CC33-5E45-48D5-826B-421CD2201709}.Debug|Any CPU.ActiveCfg = Debug|Any CPU
		{F257CC33-5E45-48D5-826B-421CD2201709}.Debug|Any CPU.Build.0 = Debug|Any CPU
		{F257CC33-5E45-48D5-826B-421CD2201709}.Release|Any CPU.ActiveCfg = Release|Any CPU
		{F257CC33-5E45-48D5-826B-421CD2201709}.Release|Any CPU.Build.0 = Release|Any CPU
	EndGlobalSection
	GlobalSection(SolutionProperties) = preSolution
		HideSolutionNode = FALSE
	EndGlobalSection
	GlobalSection(ExtensibilityGlobals) = postSolution
		SolutionGuid = {96ADCF35-752A-44FB-97D0-F4E5D3F80D55}
	EndGlobalSection
EndGlobal
